
Microsoft Visual Studio Solution File, Format Version 11.00
# Visual C# Express 2010
Project("{FAE04EC0-301F-11D3-BF4B-00C04F79EFBC}") = "Decimals", "Decimals\Decimals.csproj", "{B4F76B9E-772E-48ED-ABB8-9A6624995973}"
EndProject
Project("{FAE04EC0-301F-11D3-BF4B-00C04F79EFBC}") = "Room", "ConsoleApplication1\Room.csproj", "{ABAD1D15-6ED7-4A05-A1A3-C8705DF99873}"
EndProject
Project("{FAE04EC0-301F-11D3-BF4B-00C04F79EFBC}") = "Carpet", "Carpet\Carpet.csproj", "{952F0BB9-E67C-4DD1-BE3F-0E72E142C07D}"
EndProject
Project("{FAE04EC0-301F-11D3-BF4B-00C04F79EFBC}") = "Yards", "Yards\Yards.csproj", "{7D1F864A-7309-4C55-8620-5825EB52D3C7}"
EndProject
Project("{FAE04EC0-301F-11D3-BF4B-00C04F79EFBC}") = "HoursAndMinutes", "HoursAndMinutes\HoursAndMinutes.csproj", "{1889194F-F1F1-413F-9E31-E8461E8F0795}"
EndProject
Project("{FAE04EC0-301F-11D3-BF4B-00C04F79EFBC}") = "Eggs", "Eggs\Eggs.csproj", "{9C7A0B64-0355-43B3-8BDD-C1B0D998604E}"
EndProject
Project("{FAE04EC0-301F-11D3-BF4B-00C04F79EFBC}") = "Payroll", "Payroll\Payroll.csproj", "{86D41D37-4085-4C24-B4D0-B0F288894B97}"
EndProject
Global
	GlobalSection(SolutionConfigurationPlatforms) = preSolution
		Debug|x86 = Debug|x86
		Release|x86 = Release|x86
	EndGlobalSection
	GlobalSection(ProjectConfigurationPlatforms) = postSolution
		{B4F76B9E-772E-48ED-ABB8-9A6624995973}.Debug|x86.ActiveCfg = Debug|x86
		{B4F76B9E-772E-48ED-ABB8-9A6624995973}.Debug|x86.Build.0 = Debug|x86
		{B4F76B9E-772E-48ED-ABB8-9A6624995973}.Release|x86.ActiveCfg = Release|x86
		{B4F76B9E-772E-48ED-ABB8-9A6624995973}.Release|x86.Build.0 = Release|x86
		{ABAD1D15-6ED7-4A05-A1A3-C8705DF99873}.Debug|x86.ActiveCfg = Debug|x86
		{ABAD1D15-6ED7-4A05-A1A3-C8705DF99873}.Debug|x86.Build.0 = Debug|x86
		{ABAD1D15-6ED7-4A05-A1A3-C8705DF99873}.Release|x86.ActiveCfg = Release|x86
		{ABAD1D15-6ED7-4A05-A1A3-C8705DF99873}.Release|x86.Build.0 = Release|x86
		{952F0BB9-E67C-4DD1-BE3F-0E72E142C07D}.Debug|x86.ActiveCfg = Debug|x86
		{952F0BB9-E67C-4DD1-BE3F-0E72E142C07D}.Debug|x86.Build.0 = Debug|x86
		{952F0BB9-E67C-4DD1-BE3F-0E72E142C07D}.Release|x86.ActiveCfg = Release|x86
		{952F0BB9-E67C-4DD1-BE3F-0E72E142C07D}.Release|x86.Build.0 = Release|x86
		{7D1F864A-7309-4C55-8620-5825EB52D3C7}.Debug|x86.ActiveCfg = Debug|x86
		{7D1F864A-7309-4C55-8620-5825EB52D3C7}.Debug|x86.Build.0 = Debug|x86
		{7D1F864A-7309-4C55-8620-5825EB52D3C7}.Release|x86.ActiveCfg = Release|x86
		{7D1F864A-7309-4C55-8620-5825EB52D3C7}.Release|x86.Build.0 = Release|x86
		{1889194F-F1F1-413F-9E31-E8461E8F0795}.Debug|x86.ActiveCfg = Debug|x86
		{1889194F-F1F1-413F-9E31-E8461E8F0795}.Debug|x86.Build.0 = Debug|x86
		{1889194F-F1F1-413F-9E31-E8461E8F0795}.Release|x86.ActiveCfg = Release|x86
		{1889194F-F1F1-413F-9E31-E8461E8F0795}.Release|x86.Build.0 = Release|x86
		{9C7A0B64-0355-43B3-8BDD-C1B0D998604E}.Debug|x86.ActiveCfg = Debug|x86
		{9C7A0B64-0355-43B3-8BDD-C1B0D998604E}.Debug|x86.Build.0 = Debug|x86
		{9C7A0B64-0355-43B3-8BDD-C1B0D998604E}.Release|x86.ActiveCfg = Release|x86
		{9C7A0B64-0355-43B3-8BDD-C1B0D998604E}.Release|x86.Build.0 = Release|x86
		{86D41D37-4085-4C24-B4D0-B0F288894B97}.Debug|x86.ActiveCfg = Debug|x86
		{86D41D37-4085-4C24-B4D0-B0F288894B97}.Debug|x86.Build.0 = Debug|x86
		{86D41D37-4085-4C24-B4D0-B0F288894B97}.Release|x86.ActiveCfg = Release|x86
		{86D41D37-4085-4C24-B4D0-B0F288894B97}.Release|x86.Build.0 = Release|x86
	EndGlobalSection
	GlobalSection(SolutionProperties) = preSolution
		HideSolutionNode = FALSE
	EndGlobalSection
EndGlobal
